
Microsoft Visual Studio Solution File, Format Version 12.00
# Visual Studio Version 17
VisualStudioVersion = 17.12.35514.174
MinimumVisualStudioVersion = 10.0.40219.1
Project("{2150E333-8FDC-42A3-9474-1A3956D46DE8}") = "Task0", "Task0", "{F89AD6EF-2404-4750-B748-60B423878CDC}"
EndProject
Project("{FAE04EC0-301F-11D3-BF4B-00C04F79EFBC}") = "Tyuiu.PasechnikPA1.Sprint1.Task0.V20", "Tyuiu.PasechnikPA1.Sprint1.Task0.V20\Tyuiu.PasechnikPA1.Sprint1.Task0.V20.csproj", "{F5815E6A-15FD-4AF7-8642-14E641DA18A6}"
EndProject
Project("{FAE04EC0-301F-11D3-BF4B-00C04F79EFBC}") = "Tyuiu.PasechnikPA1.Sprint1.Task0.V20.Test", "Tyuiu.PasechnikPA1.Sprint1.Task0.V20.Test\Tyuiu.PasechnikPA1.Sprint1.Task0.V20.Test.csproj", "{A406FF42-2D61-43B6-9A01-EA3A923EFB95}"
EndProject
Project("{2150E333-8FDC-42A3-9474-1A3956D46DE8}") = "Task1", "Task1", "{64DE1764-6076-4E84-BE24-B26BC3FDD15C}"
EndProject
Project("{FAE04EC0-301F-11D3-BF4B-00C04F79EFBC}") = "Tyuiu.PasechnikPA1.Sprint1.Task1.V20", "Tyuiu.PasechnikPA1.Sprint1.Task1.V20\Tyuiu.PasechnikPA1.Sprint1.Task1.V20.csproj", "{66DE04B5-6461-433F-8678-5B750222B4E2}"
EndProject
Project("{FAE04EC0-301F-11D3-BF4B-00C04F79EFBC}") = "Tyuiu.PasechnikPA1.Sprint1.Task1.V20.Test", "Tyuiu.PasechnikPA1.Sprint1.Task1.V20.Test\Tyuiu.PasechnikPA1.Sprint1.Task1.V20.Test.csproj", "{7C0E75EC-3D5B-4F4A-A62C-AE8C4B8129D7}"
EndProject
Project("{2150E333-8FDC-42A3-9474-1A3956D46DE8}") = "Task2", "Task2", "{E8AB4CBF-666B-4596-8CD0-61AC728F4F25}"
EndProject
Project("{FAE04EC0-301F-11D3-BF4B-00C04F79EFBC}") = "Tyuiu.PasechnikPA1.Sprint1.Task2.V17", "Tyuiu.PasechnikPA1.Sprint1.Task2.V17\Tyuiu.PasechnikPA1.Sprint1.Task2.V17.csproj", "{CD87789C-FD0E-4A1E-9CBF-7CF8D3C9EFAA}"
EndProject
Project("{FAE04EC0-301F-11D3-BF4B-00C04F79EFBC}") = "Tyuiu.PasechnikPA1.Sprint1.Task0.V20.Lib", "Tyuiu.PasechnikPA1.Sprint1.Task0.V20.Lib\Tyuiu.PasechnikPA1.Sprint1.Task0.V20.Lib.csproj", "{679731BF-3F03-43D9-99B3-26349FC04B12}"
EndProject
Project("{FAE04EC0-301F-11D3-BF4B-00C04F79EFBC}") = "Tyuiu.PasechnikPA1.Sprint1.Task1.V20.Lib", "Tyuiu.PasechnikPA1.Sprint1.Task1.V20.Lib\Tyuiu.PasechnikPA1.Sprint1.Task1.V20.Lib.csproj", "{8B5031AC-4B1B-4AC4-A608-351ADFA4615C}"
EndProject
Project("{FAE04EC0-301F-11D3-BF4B-00C04F79EFBC}") = "Tyuiu.PasechnikPA1.Sprint1.Task2.V17.Lib", "Tyuiu.PasechnikPA1.Sprint1.Task2.V17.Lib\Tyuiu.PasechnikPA1.Sprint1.Task2.V17.Lib.csproj", "{6F3210CA-C2D9-4267-BC4F-DD82C5AA2A70}"
EndProject
Project("{FAE04EC0-301F-11D3-BF4B-00C04F79EFBC}") = "Tyuiu.PasechnikPA1.Sprint1.Task2.V17.Test", "Tyuiu.PasechnikPA1.Sprint1.Task2.V17.Test\Tyuiu.PasechnikPA1.Sprint1.Task2.V17.Test.csproj", "{A3BFF5DD-A182-423C-A293-53EC836608A8}"
EndProject
Project("{2150E333-8FDC-42A3-9474-1A3956D46DE8}") = "Task3", "Task3", "{792AD11F-728F-4A23-9CD1-287563C77920}"
EndProject
Project("{FAE04EC0-301F-11D3-BF4B-00C04F79EFBC}") = "Tyuiu.PasechnikPA1.Sprint1.Task3.V18", "Tyuiu.PasechnikPA1.Sprint1.Task3.V18\Tyuiu.PasechnikPA1.Sprint1.Task3.V18.csproj", "{C373E574-E141-479B-B7B5-5866CDF30052}"
EndProject
Project("{FAE04EC0-301F-11D3-BF4B-00C04F79EFBC}") = "Tyuiu.PasechnikPA1.Sprint1.Task3.V18.Lib", "Tyuiu.PasechnikPA1.Sprint1.Task3.V18.Lib\Tyuiu.PasechnikPA1.Sprint1.Task3.V18.Lib.csproj", "{E0B702D7-7A5F-4AE3-A23E-C6F4343D6175}"
EndProject
Project("{FAE04EC0-301F-11D3-BF4B-00C04F79EFBC}") = "Tyuiu.PasechnikPA1.Sprint1.Task3.V18.Test", "Tyuiu.PasechnikPA1.Sprint1.Task3.V18.Test\Tyuiu.PasechnikPA1.Sprint1.Task3.V18.Test.csproj", "{687EBCF6-6E39-47F0-97F7-71E74E98FAAF}"
EndProject
Project("{2150E333-8FDC-42A3-9474-1A3956D46DE8}") = "Task4", "Task4", "{652FCF8D-5FC0-4EB2-8CCC-957E3E337EDD}"
EndProject
Project("{FAE04EC0-301F-11D3-BF4B-00C04F79EFBC}") = "Tyuiu.PasechnikPA1.Sprint1.Task4.V15", "Tyuiu.PasechnikPA1.Sprint1.Task4.V15\Tyuiu.PasechnikPA1.Sprint1.Task4.V15.csproj", "{AF1DED23-27B2-45F6-B9E5-2757D702826C}"
EndProject
Project("{FAE04EC0-301F-11D3-BF4B-00C04F79EFBC}") = "Tyuiu.PasechnikPA1.Sprint1.Task4.V15.Lib", "Tyuiu.PasechnikPA1.Sprint1.Task4.V15.Lib\Tyuiu.PasechnikPA1.Sprint1.Task4.V15.Lib.csproj", "{666076D6-D3FF-4F9A-815E-A0E1BF71BB6A}"
EndProject
Project("{FAE04EC0-301F-11D3-BF4B-00C04F79EFBC}") = "Tyuiu.PasechnikPA1.Sprint1.Task4.V15.Test", "Tyuiu.PasechnikPA1.Sprint1.Task4.V15.Test\Tyuiu.PasechnikPA1.Sprint1.Task4.V15.Test.csproj", "{5E501021-F4E3-4ECD-BA30-F3FEE34D6C67}"
EndProject
Project("{2150E333-8FDC-42A3-9474-1A3956D46DE8}") = "Task5", "Task5", "{BC4782B5-A703-473C-AA20-E584EBD447BA}"
EndProject
Project("{FAE04EC0-301F-11D3-BF4B-00C04F79EFBC}") = "Tyuiu.PasechnikPA1.Sprint1.Task5.V1", "Tyuiu.PasechnikPA1.Sprint1.Task5.V1\Tyuiu.PasechnikPA1.Sprint1.Task5.V1.csproj", "{C47DA7F0-1B5D-4787-AE26-C3068EFA7B9E}"
EndProject
Project("{FAE04EC0-301F-11D3-BF4B-00C04F79EFBC}") = "Tyuiu.PasechnikPA1.Sprint1.Task5.V1.Lib", "Tyuiu.PasechnikPA1.Sprint1.Task5.V1.Lib\Tyuiu.PasechnikPA1.Sprint1.Task5.V1.Lib.csproj", "{612CD25C-07DB-40C8-A819-EAB9A2A7A199}"
EndProject
Project("{FAE04EC0-301F-11D3-BF4B-00C04F79EFBC}") = "Tyuiu.PasechnikPA1.Sprint1.Task5.V1.Test", "Tyuiu.PasechnikPA1.Sprint1.Task5.V1.Test\Tyuiu.PasechnikPA1.Sprint1.Task5.V1.Test.csproj", "{95A5445E-80D5-4BCF-A658-39DB76E65518}"
EndProject
Project("{2150E333-8FDC-42A3-9474-1A3956D46DE8}") = "Task6", "Task6", "{E4E4FA4C-51F9-4D9B-8D71-DE8E5A554B2A}"
EndProject
Project("{FAE04EC0-301F-11D3-BF4B-00C04F79EFBC}") = "Tyuiu.PasechnikPA1.Sprint1.Task6.V17", "Tyuiu.PasechnikPA1.Sprint1.Task6.V17\Tyuiu.PasechnikPA1.Sprint1.Task6.V17.csproj", "{11639803-8A51-46CE-AF64-38DE8A2EE538}"
EndProject
Project("{FAE04EC0-301F-11D3-BF4B-00C04F79EFBC}") = "Tyuiu.PasechnikPA1.Sprint1.Task6.V17.Lib", "Tyuiu.PasechnikPA1.Sprint1.Task6.V17.Lib\Tyuiu.PasechnikPA1.Sprint1.Task6.V17.Lib.csproj", "{05DBE6B3-0E4F-4E82-9048-FE2487555B69}"
EndProject
Project("{FAE04EC0-301F-11D3-BF4B-00C04F79EFBC}") = "Tyuiu.PasechnikPA1.Sprint1.Task6.V17.Test", "Tyuiu.PasechnikPA1.Sprint1.Task6.V17.Test\Tyuiu.PasechnikPA1.Sprint1.Task6.V17.Test.csproj", "{5F1B848C-7A29-40F4-9BD2-6AE4DE806ED3}"
EndProject
Global
	GlobalSection(SolutionConfigurationPlatforms) = preSolution
		Debug|Any CPU = Debug|Any CPU
		Release|Any CPU = Release|Any CPU
	EndGlobalSection
	GlobalSection(ProjectConfigurationPlatforms) = postSolution
		{F5815E6A-15FD-4AF7-8642-14E641DA18A6}.Debug|Any CPU.ActiveCfg = Debug|Any CPU
		{F5815E6A-15FD-4AF7-8642-14E641DA18A6}.Debug|Any CPU.Build.0 = Debug|Any CPU
		{F5815E6A-15FD-4AF7-8642-14E641DA18A6}.Release|Any CPU.ActiveCfg = Release|Any CPU
		{F5815E6A-15FD-4AF7-8642-14E641DA18A6}.Release|Any CPU.Build.0 = Release|Any CPU
		{A406FF42-2D61-43B6-9A01-EA3A923EFB95}.Debug|Any CPU.ActiveCfg = Debug|Any CPU
		{A406FF42-2D61-43B6-9A01-EA3A923EFB95}.Debug|Any CPU.Build.0 = Debug|Any CPU
		{A406FF42-2D61-43B6-9A01-EA3A923EFB95}.Release|Any CPU.ActiveCfg = Release|Any CPU
		{A406FF42-2D61-43B6-9A01-EA3A923EFB95}.Release|Any CPU.Build.0 = Release|Any CPU
		{66DE04B5-6461-433F-8678-5B750222B4E2}.Debug|Any CPU.ActiveCfg = Debug|Any CPU
		{66DE04B5-6461-433F-8678-5B750222B4E2}.Debug|Any CPU.Build.0 = Debug|Any CPU
		{66DE04B5-6461-433F-8678-5B750222B4E2}.Release|Any CPU.ActiveCfg = Release|Any CPU
		{66DE04B5-6461-433F-8678-5B750222B4E2}.Release|Any CPU.Build.0 = Release|Any CPU
		{7C0E75EC-3D5B-4F4A-A62C-AE8C4B8129D7}.Debug|Any CPU.ActiveCfg = Debug|Any CPU
		{7C0E75EC-3D5B-4F4A-A62C-AE8C4B8129D7}.Debug|Any CPU.Build.0 = Debug|Any CPU
		{7C0E75EC-3D5B-4F4A-A62C-AE8C4B8129D7}.Release|Any CPU.ActiveCfg = Release|Any CPU
		{7C0E75EC-3D5B-4F4A-A62C-AE8C4B8129D7}.Release|Any CPU.Build.0 = Release|Any CPU
		{CD87789C-FD0E-4A1E-9CBF-7CF8D3C9EFAA}.Debug|Any CPU.ActiveCfg = Debug|Any CPU
		{CD87789C-FD0E-4A1E-9CBF-7CF8D3C9EFAA}.Debug|Any CPU.Build.0 = Debug|Any CPU
		{CD87789C-FD0E-4A1E-9CBF-7CF8D3C9EFAA}.Release|Any CPU.ActiveCfg = Release|Any CPU
		{CD87789C-FD0E-4A1E-9CBF-7CF8D3C9EFAA}.Release|Any CPU.Build.0 = Release|Any CPU
		{679731BF-3F03-43D9-99B3-26349FC04B12}.Debug|Any CPU.ActiveCfg = Debug|Any CPU
		{679731BF-3F03-43D9-99B3-26349FC04B12}.Debug|Any CPU.Build.0 = Debug|Any CPU
		{679731BF-3F03-43D9-99B3-26349FC04B12}.Release|Any CPU.ActiveCfg = Release|Any CPU
		{679731BF-3F03-43D9-99B3-26349FC04B12}.Release|Any CPU.Build.0 = Release|Any CPU
		{8B5031AC-4B1B-4AC4-A608-351ADFA4615C}.Debug|Any CPU.ActiveCfg = Debug|Any CPU
		{8B5031AC-4B1B-4AC4-A608-351ADFA4615C}.Debug|Any CPU.Build.0 = Debug|Any CPU
		{8B5031AC-4B1B-4AC4-A608-351ADFA4615C}.Release|Any CPU.ActiveCfg = Release|Any CPU
		{8B5031AC-4B1B-4AC4-A608-351ADFA4615C}.Release|Any CPU.Build.0 = Release|Any CPU
		{6F3210CA-C2D9-4267-BC4F-DD82C5AA2A70}.Debug|Any CPU.ActiveCfg = Debug|Any CPU
		{6F3210CA-C2D9-4267-BC4F-DD82C5AA2A70}.Debug|Any CPU.Build.0 = Debug|Any CPU
		{6F3210CA-C2D9-4267-BC4F-DD82C5AA2A70}.Release|Any CPU.ActiveCfg = Release|Any CPU
		{6F3210CA-C2D9-4267-BC4F-DD82C5AA2A70}.Release|Any CPU.Build.0 = Release|Any CPU
		{A3BFF5DD-A182-423C-A293-53EC836608A8}.Debug|Any CPU.ActiveCfg = Debug|Any CPU
		{A3BFF5DD-A182-423C-A293-53EC836608A8}.Debug|Any CPU.Build.0 = Debug|Any CPU
		{A3BFF5DD-A182-423C-A293-53EC836608A8}.Release|Any CPU.ActiveCfg = Release|Any CPU
		{A3BFF5DD-A182-423C-A293-53EC836608A8}.Release|Any CPU.Build.0 = Release|Any CPU
		{C373E574-E141-479B-B7B5-5866CDF30052}.Debug|Any CPU.ActiveCfg = Debug|Any CPU
		{C373E574-E141-479B-B7B5-5866CDF30052}.Debug|Any CPU.Build.0 = Debug|Any CPU
		{C373E574-E141-479B-B7B5-5866CDF30052}.Release|Any CPU.ActiveCfg = Release|Any CPU
		{C373E574-E141-479B-B7B5-5866CDF30052}.Release|Any CPU.Build.0 = Release|Any CPU
		{E0B702D7-7A5F-4AE3-A23E-C6F4343D6175}.Debug|Any CPU.ActiveCfg = Debug|Any CPU
		{E0B702D7-7A5F-4AE3-A23E-C6F4343D6175}.Debug|Any CPU.Build.0 = Debug|Any CPU
		{E0B702D7-7A5F-4AE3-A23E-C6F4343D6175}.Release|Any CPU.ActiveCfg = Release|Any CPU
		{E0B702D7-7A5F-4AE3-A23E-C6F4343D6175}.Release|Any CPU.Build.0 = Release|Any CPU
		{687EBCF6-6E39-47F0-97F7-71E74E98FAAF}.Debug|Any CPU.ActiveCfg = Debug|Any CPU
		{687EBCF6-6E39-47F0-97F7-71E74E98FAAF}.Debug|Any CPU.Build.0 = Debug|Any CPU
		{687EBCF6-6E39-47F0-97F7-71E74E98FAAF}.Release|Any CPU.ActiveCfg = Release|Any CPU
		{687EBCF6-6E39-47F0-97F7-71E74E98FAAF}.Release|Any CPU.Build.0 = Release|Any CPU
		{AF1DED23-27B2-45F6-B9E5-2757D702826C}.Debug|Any CPU.ActiveCfg = Debug|Any CPU
		{AF1DED23-27B2-45F6-B9E5-2757D702826C}.Debug|Any CPU.Build.0 = Debug|Any CPU
		{AF1DED23-27B2-45F6-B9E5-2757D702826C}.Release|Any CPU.ActiveCfg = Release|Any CPU
		{AF1DED23-27B2-45F6-B9E5-2757D702826C}.Release|Any CPU.Build.0 = Release|Any CPU
		{666076D6-D3FF-4F9A-815E-A0E1BF71BB6A}.Debug|Any CPU.ActiveCfg = Debug|Any CPU
		{666076D6-D3FF-4F9A-815E-A0E1BF71BB6A}.Debug|Any CPU.Build.0 = Debug|Any CPU
		{666076D6-D3FF-4F9A-815E-A0E1BF71BB6A}.Release|Any CPU.ActiveCfg = Release|Any CPU
		{666076D6-D3FF-4F9A-815E-A0E1BF71BB6A}.Release|Any CPU.Build.0 = Release|Any CPU
		{5E501021-F4E3-4ECD-BA30-F3FEE34D6C67}.Debug|Any CPU.ActiveCfg = Debug|Any CPU
		{5E501021-F4E3-4ECD-BA30-F3FEE34D6C67}.Debug|Any CPU.Build.0 = Debug|Any CPU
		{5E501021-F4E3-4ECD-BA30-F3FEE34D6C67}.Release|Any CPU.ActiveCfg = Release|Any CPU
		{5E501021-F4E3-4ECD-BA30-F3FEE34D6C67}.Release|Any CPU.Build.0 = Release|Any CPU
		{C47DA7F0-1B5D-4787-AE26-C3068EFA7B9E}.Debug|Any CPU.ActiveCfg = Debug|Any CPU
		{C47DA7F0-1B5D-4787-AE26-C3068EFA7B9E}.Debug|Any CPU.Build.0 = Debug|Any CPU
		{C47DA7F0-1B5D-4787-AE26-C3068EFA7B9E}.Release|Any CPU.ActiveCfg = Release|Any CPU
		{C47DA7F0-1B5D-4787-AE26-C3068EFA7B9E}.Release|Any CPU.Build.0 = Release|Any CPU
		{612CD25C-07DB-40C8-A819-EAB9A2A7A199}.Debug|Any CPU.ActiveCfg = Debug|Any CPU
		{612CD25C-07DB-40C8-A819-EAB9A2A7A199}.Debug|Any CPU.Build.0 = Debug|Any CPU
		{612CD25C-07DB-40C8-A819-EAB9A2A7A199}.Release|Any CPU.ActiveCfg = Release|Any CPU
		{612CD25C-07DB-40C8-A819-EAB9A2A7A199}.Release|Any CPU.Build.0 = Release|Any CPU
		{95A5445E-80D5-4BCF-A658-39DB76E65518}.Debug|Any CPU.ActiveCfg = Debug|Any CPU
		{95A5445E-80D5-4BCF-A658-39DB76E65518}.Debug|Any CPU.Build.0 = Debug|Any CPU
		{95A5445E-80D5-4BCF-A658-39DB76E65518}.Release|Any CPU.ActiveCfg = Release|Any CPU
		{95A5445E-80D5-4BCF-A658-39DB76E65518}.Release|Any CPU.Build.0 = Release|Any CPU
		{11639803-8A51-46CE-AF64-38DE8A2EE538}.Debug|Any CPU.ActiveCfg = Debug|Any CPU
		{11639803-8A51-46CE-AF64-38DE8A2EE538}.Debug|Any CPU.Build.0 = Debug|Any CPU
		{11639803-8A51-46CE-AF64-38DE8A2EE538}.Release|Any CPU.ActiveCfg = Release|Any CPU
		{11639803-8A51-46CE-AF64-38DE8A2EE538}.Release|Any CPU.Build.0 = Release|Any CPU
		{05DBE6B3-0E4F-4E82-9048-FE2487555B69}.Debug|Any CPU.ActiveCfg = Debug|Any CPU
		{05DBE6B3-0E4F-4E82-9048-FE2487555B69}.Debug|Any CPU.Build.0 = Debug|Any CPU
		{05DBE6B3-0E4F-4E82-9048-FE2487555B69}.Release|Any CPU.ActiveCfg = Release|Any CPU
		{05DBE6B3-0E4F-4E82-9048-FE2487555B69}.Release|Any CPU.Build.0 = Release|Any CPU
		{5F1B848C-7A29-40F4-9BD2-6AE4DE806ED3}.Debug|Any CPU.ActiveCfg = Debug|Any CPU
		{5F1B848C-7A29-40F4-9BD2-6AE4DE806ED3}.Debug|Any CPU.Build.0 = Debug|Any CPU
		{5F1B848C-7A29-40F4-9BD2-6AE4DE806ED3}.Release|Any CPU.ActiveCfg = Release|Any CPU
		{5F1B848C-7A29-40F4-9BD2-6AE4DE806ED3}.Release|Any CPU.Build.0 = Release|Any CPU
	EndGlobalSection
	GlobalSection(SolutionProperties) = preSolution
		HideSolutionNode = FALSE
	EndGlobalSection
	GlobalSection(NestedProjects) = preSolution
		{F5815E6A-15FD-4AF7-8642-14E641DA18A6} = {F89AD6EF-2404-4750-B748-60B423878CDC}
		{A406FF42-2D61-43B6-9A01-EA3A923EFB95} = {F89AD6EF-2404-4750-B748-60B423878CDC}
		{66DE04B5-6461-433F-8678-5B750222B4E2} = {64DE1764-6076-4E84-BE24-B26BC3FDD15C}
		{7C0E75EC-3D5B-4F4A-A62C-AE8C4B8129D7} = {64DE1764-6076-4E84-BE24-B26BC3FDD15C}
		{CD87789C-FD0E-4A1E-9CBF-7CF8D3C9EFAA} = {E8AB4CBF-666B-4596-8CD0-61AC728F4F25}
		{679731BF-3F03-43D9-99B3-26349FC04B12} = {F89AD6EF-2404-4750-B748-60B423878CDC}
		{8B5031AC-4B1B-4AC4-A608-351ADFA4615C} = {64DE1764-6076-4E84-BE24-B26BC3FDD15C}
		{6F3210CA-C2D9-4267-BC4F-DD82C5AA2A70} = {E8AB4CBF-666B-4596-8CD0-61AC728F4F25}
		{A3BFF5DD-A182-423C-A293-53EC836608A8} = {E8AB4CBF-666B-4596-8CD0-61AC728F4F25}
		{C373E574-E141-479B-B7B5-5866CDF30052} = {792AD11F-728F-4A23-9CD1-287563C77920}
		{E0B702D7-7A5F-4AE3-A23E-C6F4343D6175} = {792AD11F-728F-4A23-9CD1-287563C77920}
		{687EBCF6-6E39-47F0-97F7-71E74E98FAAF} = {792AD11F-728F-4A23-9CD1-287563C77920}
		{AF1DED23-27B2-45F6-B9E5-2757D702826C} = {652FCF8D-5FC0-4EB2-8CCC-957E3E337EDD}
		{666076D6-D3FF-4F9A-815E-A0E1BF71BB6A} = {652FCF8D-5FC0-4EB2-8CCC-957E3E337EDD}
		{5E501021-F4E3-4ECD-BA30-F3FEE34D6C67} = {652FCF8D-5FC0-4EB2-8CCC-957E3E337EDD}
		{C47DA7F0-1B5D-4787-AE26-C3068EFA7B9E} = {BC4782B5-A703-473C-AA20-E584EBD447BA}
		{612CD25C-07DB-40C8-A819-EAB9A2A7A199} = {BC4782B5-A703-473C-AA20-E584EBD447BA}
		{95A5445E-80D5-4BCF-A658-39DB76E65518} = {BC4782B5-A703-473C-AA20-E584EBD447BA}
		{11639803-8A51-46CE-AF64-38DE8A2EE538} = {E4E4FA4C-51F9-4D9B-8D71-DE8E5A554B2A}
		{05DBE6B3-0E4F-4E82-9048-FE2487555B69} = {E4E4FA4C-51F9-4D9B-8D71-DE8E5A554B2A}
		{5F1B848C-7A29-40F4-9BD2-6AE4DE806ED3} = {E4E4FA4C-51F9-4D9B-8D71-DE8E5A554B2A}
	EndGlobalSection
EndGlobal
